
Microsoft Visual Studio Solution File, Format Version 11.00
# Visual Studio 2010
Project("{FAE04EC0-301F-11D3-BF4B-00C04F79EFBC}") = "FinalProjectVR", "Assembly-CSharp.csproj", "{EB27E06F-6676-3C5C-45AD-79402651EC02}"
EndProject
Project("{FAE04EC0-301F-11D3-BF4B-00C04F79EFBC}") = "FinalProjectVR", "Assembly-CSharp-Editor.csproj", "{D52AE904-F2F2-20D9-24EC-5204602DF5D7}"
EndProject
Global
	GlobalSection(SolutionConfigurationPlatforms) = preSolution
		Debug|Any CPU = Debug|Any CPU
		Release|Any CPU = Release|Any CPU
	EndGlobalSection
	GlobalSection(ProjectConfigurationPlatforms) = postSolution
		{EB27E06F-6676-3C5C-45AD-79402651EC02}.Debug|Any CPU.ActiveCfg = Debug|Any CPU
		{EB27E06F-6676-3C5C-45AD-79402651EC02}.Debug|Any CPU.Build.0 = Debug|Any CPU
		{EB27E06F-6676-3C5C-45AD-79402651EC02}.Release|Any CPU.ActiveCfg = Release|Any CPU
		{EB27E06F-6676-3C5C-45AD-79402651EC02}.Release|Any CPU.Build.0 = Release|Any CPU
		{D52AE904-F2F2-20D9-24EC-5204602DF5D7}.Debug|Any CPU.ActiveCfg = Debug|Any CPU
		{D52AE904-F2F2-20D9-24EC-5204602DF5D7}.Debug|Any CPU.Build.0 = Debug|Any CPU
		{D52AE904-F2F2-20D9-24EC-5204602DF5D7}.Release|Any CPU.ActiveCfg = Release|Any CPU
		{D52AE904-F2F2-20D9-24EC-5204602DF5D7}.Release|Any CPU.Build.0 = Release|Any CPU
	EndGlobalSection
	GlobalSection(SolutionProperties) = preSolution
		HideSolutionNode = FALSE
	EndGlobalSection
	GlobalSection(MonoDevelopProperties) = preSolution
		StartupItem = Assembly-CSharp.csproj
	EndGlobalSection
EndGlobal
