
Microsoft Visual Studio Solution File, Format Version 11.00
# Visual Studio 2010
Project("{FAE04EC0-301F-11D3-BF4B-00C04F79EFBC}") = "FinalProjectVRBackup", "Assembly-CSharp.csproj", "{40C3D942-1D49-7DCB-C831-4D42F2CC0DCE}"
EndProject
Project("{FAE04EC0-301F-11D3-BF4B-00C04F79EFBC}") = "FinalProjectVRBackup", "Assembly-CSharp-Editor.csproj", "{D652470E-5791-E479-1F73-E378F7C5C444}"
EndProject
Global
	GlobalSection(SolutionConfigurationPlatforms) = preSolution
		Debug|Any CPU = Debug|Any CPU
		Release|Any CPU = Release|Any CPU
	EndGlobalSection
	GlobalSection(ProjectConfigurationPlatforms) = postSolution
		{40C3D942-1D49-7DCB-C831-4D42F2CC0DCE}.Debug|Any CPU.ActiveCfg = Debug|Any CPU
		{40C3D942-1D49-7DCB-C831-4D42F2CC0DCE}.Debug|Any CPU.Build.0 = Debug|Any CPU
		{40C3D942-1D49-7DCB-C831-4D42F2CC0DCE}.Release|Any CPU.ActiveCfg = Release|Any CPU
		{40C3D942-1D49-7DCB-C831-4D42F2CC0DCE}.Release|Any CPU.Build.0 = Release|Any CPU
		{D652470E-5791-E479-1F73-E378F7C5C444}.Debug|Any CPU.ActiveCfg = Debug|Any CPU
		{D652470E-5791-E479-1F73-E378F7C5C444}.Debug|Any CPU.Build.0 = Debug|Any CPU
		{D652470E-5791-E479-1F73-E378F7C5C444}.Release|Any CPU.ActiveCfg = Release|Any CPU
		{D652470E-5791-E479-1F73-E378F7C5C444}.Release|Any CPU.Build.0 = Release|Any CPU
	EndGlobalSection
	GlobalSection(SolutionProperties) = preSolution
		HideSolutionNode = FALSE
	EndGlobalSection
	GlobalSection(MonoDevelopProperties) = preSolution
		StartupItem = Assembly-CSharp.csproj
	EndGlobalSection
EndGlobal
